
Microsoft Visual Studio Solution File, Format Version 12.00
# Visual Studio 15
VisualStudioVersion = 15.0.28010.2016
MinimumVisualStudioVersion = 10.0.40219.1
Project("{FAE04EC0-301F-11D3-BF4B-00C04F79EFBC}") = "1 Savarankiškas darbas", "1 Savarankiškas darbas.csproj", "{DA8F279D-8580-44E5-8339-8D75E1EFAC74}"
EndProject
Project("{FAE04EC0-301F-11D3-BF4B-00C04F79EFBC}") = "2 Savarankiškas darbas", "..\2 Savarankiškas darbas\2 Savarankiškas darbas.csproj", "{18538ADC-794D-4114-80A4-A8FBCFC7F4B8}"
EndProject
Global
	GlobalSection(SolutionConfigurationPlatforms) = preSolution
		Debug|Any CPU = Debug|Any CPU
		Release|Any CPU = Release|Any CPU
	EndGlobalSection
	GlobalSection(ProjectConfigurationPlatforms) = postSolution
		{DA8F279D-8580-44E5-8339-8D75E1EFAC74}.Debug|Any CPU.ActiveCfg = Debug|Any CPU
		{DA8F279D-8580-44E5-8339-8D75E1EFAC74}.Debug|Any CPU.Build.0 = Debug|Any CPU
		{DA8F279D-8580-44E5-8339-8D75E1EFAC74}.Release|Any CPU.ActiveCfg = Release|Any CPU
		{DA8F279D-8580-44E5-8339-8D75E1EFAC74}.Release|Any CPU.Build.0 = Release|Any CPU
		{18538ADC-794D-4114-80A4-A8FBCFC7F4B8}.Debug|Any CPU.ActiveCfg = Debug|Any CPU
		{18538ADC-794D-4114-80A4-A8FBCFC7F4B8}.Debug|Any CPU.Build.0 = Debug|Any CPU
		{18538ADC-794D-4114-80A4-A8FBCFC7F4B8}.Release|Any CPU.ActiveCfg = Release|Any CPU
		{18538ADC-794D-4114-80A4-A8FBCFC7F4B8}.Release|Any CPU.Build.0 = Release|Any CPU
	EndGlobalSection
	GlobalSection(SolutionProperties) = preSolution
		HideSolutionNode = FALSE
	EndGlobalSection
	GlobalSection(ExtensibilityGlobals) = postSolution
		SolutionGuid = {99AB1C23-57EB-4B1A-8CFC-4F2CF7EE066D}
	EndGlobalSection
EndGlobal
